// !$*UTF8*$!
{
	archiveVersion = 1;
	classes = {
	};
	objectVersion = 50;
	objects = {

/* Begin PBXBuildFile section */
		11B1FF802122A3B600C739A5 /* AppDelegate.swift in Sources */ = {isa = PBXBuildFile; fileRef = 11B1FF7F2122A3B600C739A5 /* AppDelegate.swift */; };
		11B1FF822122A3B600C739A5 /* ViewController.swift in Sources */ = {isa = PBXBuildFile; fileRef = 11B1FF812122A3B600C739A5 /* ViewController.swift */; };
		11B1FF852122A3B600C739A5 /* Main.storyboard in Resources */ = {isa = PBXBuildFile; fileRef = 11B1FF832122A3B600C739A5 /* Main.storyboard */; };
		11B1FF882122A3B600C739A5 /* sparefood.xcdatamodeld in Sources */ = {isa = PBXBuildFile; fileRef = 11B1FF862122A3B600C739A5 /* sparefood.xcdatamodeld */; };
		11B1FF8A2122A3B800C739A5 /* Assets.xcassets in Resources */ = {isa = PBXBuildFile; fileRef = 11B1FF892122A3B800C739A5 /* Assets.xcassets */; };
		11B1FF8D2122A3B800C739A5 /* LaunchScreen.storyboard in Resources */ = {isa = PBXBuildFile; fileRef = 11B1FF8B2122A3B800C739A5 /* LaunchScreen.storyboard */; };
		11B1FF9C212D4B7B00C739A5 /* ScrollView.swift in Sources */ = {isa = PBXBuildFile; fileRef = 11B1FF9B212D4B7B00C739A5 /* ScrollView.swift */; };
		2B29E2470A06C1888E921E35 /* Pods_sparefood.framework in Frameworks */ = {isa = PBXBuildFile; fileRef = 735205D17A57BBAB5199F740 /* Pods_sparefood.framework */; };
		2F80C352212AA86C00B941A5 /* GoogleService-Info.plist in Resources */ = {isa = PBXBuildFile; fileRef = 2F80C351212AA86C00B941A5 /* GoogleService-Info.plist */; };
		9146BB48212AC45B0018F8AA /* HomeDonatur.swift in Sources */ = {isa = PBXBuildFile; fileRef = 9146BB47212AC45B0018F8AA /* HomeDonatur.swift */; };
		9146BB4A212AC4B80018F8AA /* HomeKomunitas.swift in Sources */ = {isa = PBXBuildFile; fileRef = 9146BB49212AC4B80018F8AA /* HomeKomunitas.swift */; };
		9146BB4E212AC5130018F8AA /* RegisDonatur.swift in Sources */ = {isa = PBXBuildFile; fileRef = 9146BB4D212AC5130018F8AA /* RegisDonatur.swift */; };
		9146BB50212AC53C0018F8AA /* LoginDonatur.swift in Sources */ = {isa = PBXBuildFile; fileRef = 9146BB4F212AC53C0018F8AA /* LoginDonatur.swift */; };
		9146BB54212AC5BE0018F8AA /* RegisKomunitas.swift in Sources */ = {isa = PBXBuildFile; fileRef = 9146BB53212AC5BE0018F8AA /* RegisKomunitas.swift */; };
		9146BB56212AC5D70018F8AA /* LoginKomunitas.swift in Sources */ = {isa = PBXBuildFile; fileRef = 9146BB55212AC5D70018F8AA /* LoginKomunitas.swift */; };
		9146BB59212AC86A0018F8AA /* ChooseUser.swift in Sources */ = {isa = PBXBuildFile; fileRef = 9146BB58212AC86A0018F8AA /* ChooseUser.swift */; };
		9146BB5B212B11640018F8AA /* JenisMakanan.swift in Sources */ = {isa = PBXBuildFile; fileRef = 9146BB5A212B11640018F8AA /* JenisMakanan.swift */; };
		9146BB5D212B11890018F8AA /* DeskripsiMakanan.swift in Sources */ = {isa = PBXBuildFile; fileRef = 9146BB5C212B11890018F8AA /* DeskripsiMakanan.swift */; };
		9146BB5F212B11A10018F8AA /* JenisMinuman.swift in Sources */ = {isa = PBXBuildFile; fileRef = 9146BB5E212B11A10018F8AA /* JenisMinuman.swift */; };
		9146BB63212B11D30018F8AA /* DeskripsiMinuman.swift in Sources */ = {isa = PBXBuildFile; fileRef = 9146BB62212B11D30018F8AA /* DeskripsiMinuman.swift */; };
		9146BB65212B11E70018F8AA /* JenisBahanMakanan.swift in Sources */ = {isa = PBXBuildFile; fileRef = 9146BB64212B11E70018F8AA /* JenisBahanMakanan.swift */; };
		9146BB67212B11FD0018F8AA /* DeskripsiBahanMakanan.swift in Sources */ = {isa = PBXBuildFile; fileRef = 9146BB66212B11FD0018F8AA /* DeskripsiBahanMakanan.swift */; };
		9146BB69212C110E0018F8AA /* DonasiUang.swift in Sources */ = {isa = PBXBuildFile; fileRef = 9146BB68212C110E0018F8AA /* DonasiUang.swift */; };
/* End PBXBuildFile section */

/* Begin PBXFileReference section */
		11B1FF7C2122A3B600C739A5 /* sparefood.app */ = {isa = PBXFileReference; explicitFileType = wrapper.application; includeInIndex = 0; path = sparefood.app; sourceTree = BUILT_PRODUCTS_DIR; };
		11B1FF7F2122A3B600C739A5 /* AppDelegate.swift */ = {isa = PBXFileReference; lastKnownFileType = sourcecode.swift; path = AppDelegate.swift; sourceTree = "<group>"; };
		11B1FF812122A3B600C739A5 /* ViewController.swift */ = {isa = PBXFileReference; lastKnownFileType = sourcecode.swift; path = ViewController.swift; sourceTree = "<group>"; };
		11B1FF842122A3B600C739A5 /* Base */ = {isa = PBXFileReference; lastKnownFileType = file.storyboard; name = Base; path = Base.lproj/Main.storyboard; sourceTree = "<group>"; };
		11B1FF872122A3B600C739A5 /* sparefood.xcdatamodel */ = {isa = PBXFileReference; lastKnownFileType = wrapper.xcdatamodel; path = sparefood.xcdatamodel; sourceTree = "<group>"; };
		11B1FF892122A3B800C739A5 /* Assets.xcassets */ = {isa = PBXFileReference; lastKnownFileType = folder.assetcatalog; path = Assets.xcassets; sourceTree = "<group>"; };
		11B1FF8C2122A3B800C739A5 /* Base */ = {isa = PBXFileReference; lastKnownFileType = file.storyboard; name = Base; path = Base.lproj/LaunchScreen.storyboard; sourceTree = "<group>"; };
		11B1FF8E2122A3B800C739A5 /* Info.plist */ = {isa = PBXFileReference; lastKnownFileType = text.plist.xml; path = Info.plist; sourceTree = "<group>"; };
		11B1FF9B212D4B7B00C739A5 /* ScrollView.swift */ = {isa = PBXFileReference; lastKnownFileType = sourcecode.swift; path = ScrollView.swift; sourceTree = "<group>"; };
		2F80C351212AA86C00B941A5 /* GoogleService-Info.plist */ = {isa = PBXFileReference; fileEncoding = 4; lastKnownFileType = text.plist.xml; path = "GoogleService-Info.plist"; sourceTree = SOURCE_ROOT; };
		709F1E839726FCAC8D6A9553 /* Pods-sparefood.release.xcconfig */ = {isa = PBXFileReference; includeInIndex = 1; lastKnownFileType = text.xcconfig; name = "Pods-sparefood.release.xcconfig"; path = "Pods/Target Support Files/Pods-sparefood/Pods-sparefood.release.xcconfig"; sourceTree = "<group>"; };
		735205D17A57BBAB5199F740 /* Pods_sparefood.framework */ = {isa = PBXFileReference; explicitFileType = wrapper.framework; includeInIndex = 0; path = Pods_sparefood.framework; sourceTree = BUILT_PRODUCTS_DIR; };
		9146BB47212AC45B0018F8AA /* HomeDonatur.swift */ = {isa = PBXFileReference; lastKnownFileType = sourcecode.swift; path = HomeDonatur.swift; sourceTree = "<group>"; };
		9146BB49212AC4B80018F8AA /* HomeKomunitas.swift */ = {isa = PBXFileReference; lastKnownFileType = sourcecode.swift; path = HomeKomunitas.swift; sourceTree = "<group>"; };
		9146BB4D212AC5130018F8AA /* RegisDonatur.swift */ = {isa = PBXFileReference; lastKnownFileType = sourcecode.swift; path = RegisDonatur.swift; sourceTree = "<group>"; };
		9146BB4F212AC53C0018F8AA /* LoginDonatur.swift */ = {isa = PBXFileReference; lastKnownFileType = sourcecode.swift; path = LoginDonatur.swift; sourceTree = "<group>"; };
		9146BB53212AC5BE0018F8AA /* RegisKomunitas.swift */ = {isa = PBXFileReference; lastKnownFileType = sourcecode.swift; path = RegisKomunitas.swift; sourceTree = "<group>"; };
		9146BB55212AC5D70018F8AA /* LoginKomunitas.swift */ = {isa = PBXFileReference; lastKnownFileType = sourcecode.swift; path = LoginKomunitas.swift; sourceTree = "<group>"; };
		9146BB58212AC86A0018F8AA /* ChooseUser.swift */ = {isa = PBXFileReference; lastKnownFileType = sourcecode.swift; path = ChooseUser.swift; sourceTree = "<group>"; };
		9146BB5A212B11640018F8AA /* JenisMakanan.swift */ = {isa = PBXFileReference; lastKnownFileType = sourcecode.swift; path = JenisMakanan.swift; sourceTree = "<group>"; };
		9146BB5C212B11890018F8AA /* DeskripsiMakanan.swift */ = {isa = PBXFileReference; lastKnownFileType = sourcecode.swift; path = DeskripsiMakanan.swift; sourceTree = "<group>"; };
		9146BB5E212B11A10018F8AA /* JenisMinuman.swift */ = {isa = PBXFileReference; lastKnownFileType = sourcecode.swift; path = JenisMinuman.swift; sourceTree = "<group>"; };
		9146BB62212B11D30018F8AA /* DeskripsiMinuman.swift */ = {isa = PBXFileReference; lastKnownFileType = sourcecode.swift; path = DeskripsiMinuman.swift; sourceTree = "<group>"; };
		9146BB64212B11E70018F8AA /* JenisBahanMakanan.swift */ = {isa = PBXFileReference; lastKnownFileType = sourcecode.swift; path = JenisBahanMakanan.swift; sourceTree = "<group>"; };
		9146BB66212B11FD0018F8AA /* DeskripsiBahanMakanan.swift */ = {isa = PBXFileReference; lastKnownFileType = sourcecode.swift; path = DeskripsiBahanMakanan.swift; sourceTree = "<group>"; };
		9146BB68212C110E0018F8AA /* DonasiUang.swift */ = {isa = PBXFileReference; lastKnownFileType = sourcecode.swift; path = DonasiUang.swift; sourceTree = "<group>"; };
		D2FB9F7729147D5291FE13AF /* Pods-sparefood.debug.xcconfig */ = {isa = PBXFileReference; includeInIndex = 1; lastKnownFileType = text.xcconfig; name = "Pods-sparefood.debug.xcconfig"; path = "Pods/Target Support Files/Pods-sparefood/Pods-sparefood.debug.xcconfig"; sourceTree = "<group>"; };
/* End PBXFileReference section */

/* Begin PBXFrameworksBuildPhase section */
		11B1FF792122A3B600C739A5 /* Frameworks */ = {
			isa = PBXFrameworksBuildPhase;
			buildActionMask = 2147483647;
			files = (
				2B29E2470A06C1888E921E35 /* Pods_sparefood.framework in Frameworks */,
			);
			runOnlyForDeploymentPostprocessing = 0;
		};
/* End PBXFrameworksBuildPhase section */

/* Begin PBXGroup section */
		11B1FF732122A3B600C739A5 = {
			isa = PBXGroup;
			children = (
				11B1FF7E2122A3B600C739A5 /* sparefood */,
				11B1FF7D2122A3B600C739A5 /* Products */,
				29FE5634B121B950A90573E7 /* Pods */,
				F323F8DF11D49687F3997F87 /* Frameworks */,
			);
			sourceTree = "<group>";
		};
		11B1FF7D2122A3B600C739A5 /* Products */ = {
			isa = PBXGroup;
			children = (
				11B1FF7C2122A3B600C739A5 /* sparefood.app */,
			);
			name = Products;
			sourceTree = "<group>";
		};
		11B1FF7E2122A3B600C739A5 /* sparefood */ = {
			isa = PBXGroup;
			children = (
				9146BB24212AB9BC0018F8AA /* Model */,
				9146BB23212AB9820018F8AA /* Controller */,
				11B1FF962122A3E000C739A5 /* View */,
				11B1FF8E2122A3B800C739A5 /* Info.plist */,
				11B1FF862122A3B600C739A5 /* sparefood.xcdatamodeld */,
				2F80C351212AA86C00B941A5 /* GoogleService-Info.plist */,
			);
			path = sparefood;
			sourceTree = "<group>";
		};
		11B1FF962122A3E000C739A5 /* View */ = {
			isa = PBXGroup;
			children = (
				11B1FF8B2122A3B800C739A5 /* LaunchScreen.storyboard */,
				11B1FF832122A3B600C739A5 /* Main.storyboard */,
			);
			path = View;
			sourceTree = "<group>";
		};
		29FE5634B121B950A90573E7 /* Pods */ = {
			isa = PBXGroup;
			children = (
				D2FB9F7729147D5291FE13AF /* Pods-sparefood.debug.xcconfig */,
				709F1E839726FCAC8D6A9553 /* Pods-sparefood.release.xcconfig */,
			);
			name = Pods;
			sourceTree = "<group>";
		};
		9146BB23212AB9820018F8AA /* Controller */ = {
			isa = PBXGroup;
			children = (
				9146BB57212AC8530018F8AA /* Choose */,
				9146BB27212ABE2D0018F8AA /* User */,
				11B1FF812122A3B600C739A5 /* ViewController.swift */,
				11B1FF7F2122A3B600C739A5 /* AppDelegate.swift */,
				11B1FF9B212D4B7B00C739A5 /* ScrollView.swift */,
			);
			path = Controller;
			sourceTree = "<group>";
		};
		9146BB24212AB9BC0018F8AA /* Model */ = {
			isa = PBXGroup;
			children = (
				11B1FF892122A3B800C739A5 /* Assets.xcassets */,
			);
			path = Model;
			sourceTree = "<group>";
		};
		9146BB25212ABDF80018F8AA /* HomeK */ = {
			isa = PBXGroup;
			children = (
				9146BB49212AC4B80018F8AA /* HomeKomunitas.swift */,
				9146BB3A212AC1AA0018F8AA /* Jenis Donasi */,
			);
			path = HomeK;
			sourceTree = "<group>";
		};
		9146BB27212ABE2D0018F8AA /* User */ = {
			isa = PBXGroup;
			children = (
				9146BB29212ABE450018F8AA /* Donatur */,
				9146BB28212ABE3E0018F8AA /* Komunitas */,
			);
			path = User;
			sourceTree = "<group>";
		};
		9146BB28212ABE3E0018F8AA /* Komunitas */ = {
			isa = PBXGroup;
			children = (
				9146BB51212AC5780018F8AA /* RegisK */,
				9146BB52212AC5800018F8AA /* LoginK */,
				9146BB2E212ABF460018F8AA /* RequestK */,
				9146BB2C212ABEB00018F8AA /* ProfileK */,
				9146BB25212ABDF80018F8AA /* HomeK */,
			);
			path = Komunitas;
			sourceTree = "<group>";
		};
		9146BB29212ABE450018F8AA /* Donatur */ = {
			isa = PBXGroup;
			children = (
				9146BB4C212AC4E30018F8AA /* RegisD */,
				9146BB4B212AC4CE0018F8AA /* LoginD */,
				9146BB2D212ABF340018F8AA /* RequestD */,
				9146BB2B212ABE9B0018F8AA /* ProfileD */,
				9146BB2A212ABE930018F8AA /* HomeD */,
			);
			path = Donatur;
			sourceTree = "<group>";
		};
		9146BB2A212ABE930018F8AA /* HomeD */ = {
			isa = PBXGroup;
			children = (
				9146BB47212AC45B0018F8AA /* HomeDonatur.swift */,
				9146BB2F212ABF920018F8AA /* Jenis Donasi */,
			);
			path = HomeD;
			sourceTree = "<group>";
		};
		9146BB2B212ABE9B0018F8AA /* ProfileD */ = {
			isa = PBXGroup;
			children = (
			);
			path = ProfileD;
			sourceTree = "<group>";
		};
		9146BB2C212ABEB00018F8AA /* ProfileK */ = {
			isa = PBXGroup;
			children = (
			);
			path = ProfileK;
			sourceTree = "<group>";
		};
		9146BB2D212ABF340018F8AA /* RequestD */ = {
			isa = PBXGroup;
			children = (
			);
			path = RequestD;
			sourceTree = "<group>";
		};
		9146BB2E212ABF460018F8AA /* RequestK */ = {
			isa = PBXGroup;
			children = (
			);
			path = RequestK;
			sourceTree = "<group>";
		};
		9146BB2F212ABF920018F8AA /* Jenis Donasi */ = {
			isa = PBXGroup;
			children = (
				9146BB30212ABFA90018F8AA /* MakananD */,
				9146BB31212ABFB30018F8AA /* MinumanD */,
				9146BB32212ABFC30018F8AA /* Bahan makanD */,
				9146BB33212ABFD70018F8AA /* UangD */,
			);
			path = "Jenis Donasi";
			sourceTree = "<group>";
		};
		9146BB30212ABFA90018F8AA /* MakananD */ = {
			isa = PBXGroup;
			children = (
				9146BB39212AC0D90018F8AA /* Jenis Makd */,
				9146BB36212AC07B0018F8AA /* DeskripMakd */,
			);
			path = MakananD;
			sourceTree = "<group>";
		};
		9146BB31212ABFB30018F8AA /* MinumanD */ = {
			isa = PBXGroup;
			children = (
				9146BB38212AC0C90018F8AA /* Jenis Md */,
				9146BB35212AC0660018F8AA /* DeskripMd */,
			);
			path = MinumanD;
			sourceTree = "<group>";
		};
		9146BB32212ABFC30018F8AA /* Bahan makanD */ = {
			isa = PBXGroup;
			children = (
				9146BB37212AC0BD0018F8AA /* Jenis BMd */,
				9146BB34212AC04B0018F8AA /* DeskripBMd */,
			);
			path = "Bahan makanD";
			sourceTree = "<group>";
		};
		9146BB33212ABFD70018F8AA /* UangD */ = {
			isa = PBXGroup;
			children = (
				9146BB68212C110E0018F8AA /* DonasiUang.swift */,
			);
			path = UangD;
			sourceTree = "<group>";
		};
		9146BB34212AC04B0018F8AA /* DeskripBMd */ = {
			isa = PBXGroup;
			children = (
				9146BB66212B11FD0018F8AA /* DeskripsiBahanMakanan.swift */,
			);
			path = DeskripBMd;
			sourceTree = "<group>";
		};
		9146BB35212AC0660018F8AA /* DeskripMd */ = {
			isa = PBXGroup;
			children = (
				9146BB62212B11D30018F8AA /* DeskripsiMinuman.swift */,
			);
			path = DeskripMd;
			sourceTree = "<group>";
		};
		9146BB36212AC07B0018F8AA /* DeskripMakd */ = {
			isa = PBXGroup;
			children = (
				9146BB5C212B11890018F8AA /* DeskripsiMakanan.swift */,
			);
			path = DeskripMakd;
			sourceTree = "<group>";
		};
		9146BB37212AC0BD0018F8AA /* Jenis BMd */ = {
			isa = PBXGroup;
			children = (
				9146BB64212B11E70018F8AA /* JenisBahanMakanan.swift */,
			);
			path = "Jenis BMd";
			sourceTree = "<group>";
		};
		9146BB38212AC0C90018F8AA /* Jenis Md */ = {
			isa = PBXGroup;
			children = (
				9146BB5E212B11A10018F8AA /* JenisMinuman.swift */,
			);
			path = "Jenis Md";
			sourceTree = "<group>";
		};
		9146BB39212AC0D90018F8AA /* Jenis Makd */ = {
			isa = PBXGroup;
			children = (
				9146BB5A212B11640018F8AA /* JenisMakanan.swift */,
			);
			path = "Jenis Makd";
			sourceTree = "<group>";
		};
		9146BB3A212AC1AA0018F8AA /* Jenis Donasi */ = {
			isa = PBXGroup;
			children = (
				9146BB3C212AC1C50018F8AA /* MakananK */,
				9146BB3D212AC1C70018F8AA /* MinumanK */,
				9146BB3E212AC1CA0018F8AA /* Bahan makananK */,
				9146BB3B212AC1BB0018F8AA /* UangK */,
			);
			path = "Jenis Donasi";
			sourceTree = "<group>";
		};
		9146BB3B212AC1BB0018F8AA /* UangK */ = {
			isa = PBXGroup;
			children = (
				9146BB45212AC2770018F8AA /* List Donatur U */,
				9146BB46212AC2860018F8AA /* Deskrip Donasi U */,
			);
			path = UangK;
			sourceTree = "<group>";
		};
		9146BB3C212AC1C50018F8AA /* MakananK */ = {
			isa = PBXGroup;
			children = (
				9146BB41212AC2170018F8AA /* List Donatur Mak */,
				9146BB44212AC2600018F8AA /* Deskrip Donasi Mak */,
			);
			path = MakananK;
			sourceTree = "<group>";
		};
		9146BB3D212AC1C70018F8AA /* MinumanK */ = {
			isa = PBXGroup;
			children = (
				9146BB43212AC2330018F8AA /* Deskrip Donasi M */,
				9146BB40212AC20A0018F8AA /* List Donatur M */,
			);
			path = MinumanK;
			sourceTree = "<group>";
		};
		9146BB3E212AC1CA0018F8AA /* Bahan makananK */ = {
			isa = PBXGroup;
			children = (
				9146BB3F212AC1F70018F8AA /* List Donatur BM */,
				9146BB42212AC2250018F8AA /* Deskrip Donasi BM */,
			);
			path = "Bahan makananK";
			sourceTree = "<group>";
		};
		9146BB3F212AC1F70018F8AA /* List Donatur BM */ = {
			isa = PBXGroup;
			children = (
			);
			path = "List Donatur BM";
			sourceTree = "<group>";
		};
		9146BB40212AC20A0018F8AA /* List Donatur M */ = {
			isa = PBXGroup;
			children = (
			);
			path = "List Donatur M";
			sourceTree = "<group>";
		};
		9146BB41212AC2170018F8AA /* List Donatur Mak */ = {
			isa = PBXGroup;
			children = (
			);
			path = "List Donatur Mak";
			sourceTree = "<group>";
		};
		9146BB42212AC2250018F8AA /* Deskrip Donasi BM */ = {
			isa = PBXGroup;
			children = (
			);
			path = "Deskrip Donasi BM";
			sourceTree = "<group>";
		};
		9146BB43212AC2330018F8AA /* Deskrip Donasi M */ = {
			isa = PBXGroup;
			children = (
			);
			path = "Deskrip Donasi M";
			sourceTree = "<group>";
		};
		9146BB44212AC2600018F8AA /* Deskrip Donasi Mak */ = {
			isa = PBXGroup;
			children = (
			);
			path = "Deskrip Donasi Mak";
			sourceTree = "<group>";
		};
		9146BB45212AC2770018F8AA /* List Donatur U */ = {
			isa = PBXGroup;
			children = (
			);
			path = "List Donatur U";
			sourceTree = "<group>";
		};
		9146BB46212AC2860018F8AA /* Deskrip Donasi U */ = {
			isa = PBXGroup;
			children = (
			);
			path = "Deskrip Donasi U";
			sourceTree = "<group>";
		};
		9146BB4B212AC4CE0018F8AA /* LoginD */ = {
			isa = PBXGroup;
			children = (
				9146BB4F212AC53C0018F8AA /* LoginDonatur.swift */,
			);
			path = LoginD;
			sourceTree = "<group>";
		};
		9146BB4C212AC4E30018F8AA /* RegisD */ = {
			isa = PBXGroup;
			children = (
				9146BB4D212AC5130018F8AA /* RegisDonatur.swift */,
			);
			path = RegisD;
			sourceTree = "<group>";
		};
		9146BB51212AC5780018F8AA /* RegisK */ = {
			isa = PBXGroup;
			children = (
				9146BB53212AC5BE0018F8AA /* RegisKomunitas.swift */,
			);
			path = RegisK;
			sourceTree = "<group>";
		};
		9146BB52212AC5800018F8AA /* LoginK */ = {
			isa = PBXGroup;
			children = (
				9146BB55212AC5D70018F8AA /* LoginKomunitas.swift */,
			);
			path = LoginK;
			sourceTree = "<group>";
		};
		9146BB57212AC8530018F8AA /* Choose */ = {
			isa = PBXGroup;
			children = (
				9146BB58212AC86A0018F8AA /* ChooseUser.swift */,
			);
			path = Choose;
			sourceTree = "<group>";
		};
		F323F8DF11D49687F3997F87 /* Frameworks */ = {
			isa = PBXGroup;
			children = (
				735205D17A57BBAB5199F740 /* Pods_sparefood.framework */,
			);
			name = Frameworks;
			sourceTree = "<group>";
		};
/* End PBXGroup section */

/* Begin PBXNativeTarget section */
		11B1FF7B2122A3B600C739A5 /* sparefood */ = {
			isa = PBXNativeTarget;
			buildConfigurationList = 11B1FF912122A3B800C739A5 /* Build configuration list for PBXNativeTarget "sparefood" */;
			buildPhases = (
				F0863E1241E79421978F28EA /* [CP] Check Pods Manifest.lock */,
				11B1FF782122A3B600C739A5 /* Sources */,
				11B1FF792122A3B600C739A5 /* Frameworks */,
				11B1FF7A2122A3B600C739A5 /* Resources */,
				0473F86B48A68995AF534D2B /* [CP] Embed Pods Frameworks */,
			);
			buildRules = (
			);
			dependencies = (
			);
			name = sparefood;
			productName = sparefood;
			productReference = 11B1FF7C2122A3B600C739A5 /* sparefood.app */;
			productType = "com.apple.product-type.application";
		};
/* End PBXNativeTarget section */

/* Begin PBXProject section */
		11B1FF742122A3B600C739A5 /* Project object */ = {
			isa = PBXProject;
			attributes = {
				LastSwiftUpdateCheck = 0930;
				LastUpgradeCheck = 0930;
				ORGANIZATIONNAME = "Nelis Lasta";
				TargetAttributes = {
					11B1FF7B2122A3B600C739A5 = {
						CreatedOnToolsVersion = 9.3;
					};
				};
			};
			buildConfigurationList = 11B1FF772122A3B600C739A5 /* Build configuration list for PBXProject "sparefood" */;
			compatibilityVersion = "Xcode 9.3";
			developmentRegion = en;
			hasScannedForEncodings = 0;
			knownRegions = (
				en,
				Base,
			);
			mainGroup = 11B1FF732122A3B600C739A5;
			productRefGroup = 11B1FF7D2122A3B600C739A5 /* Products */;
			projectDirPath = "";
			projectRoot = "";
			targets = (
				11B1FF7B2122A3B600C739A5 /* sparefood */,
			);
		};
/* End PBXProject section */

/* Begin PBXResourcesBuildPhase section */
		11B1FF7A2122A3B600C739A5 /* Resources */ = {
			isa = PBXResourcesBuildPhase;
			buildActionMask = 2147483647;
			files = (
				11B1FF8D2122A3B800C739A5 /* LaunchScreen.storyboard in Resources */,
				2F80C352212AA86C00B941A5 /* GoogleService-Info.plist in Resources */,
				11B1FF8A2122A3B800C739A5 /* Assets.xcassets in Resources */,
				11B1FF852122A3B600C739A5 /* Main.storyboard in Resources */,
			);
			runOnlyForDeploymentPostprocessing = 0;
		};
/* End PBXResourcesBuildPhase section */

/* Begin PBXShellScriptBuildPhase section */
		0473F86B48A68995AF534D2B /* [CP] Embed Pods Frameworks */ = {
			isa = PBXShellScriptBuildPhase;
			buildActionMask = 2147483647;
			files = (
			);
			inputPaths = (
				"${SRCROOT}/Pods/Target Support Files/Pods-sparefood/Pods-sparefood-frameworks.sh",
				"${BUILT_PRODUCTS_DIR}/GTMSessionFetcher/GTMSessionFetcher.framework",
				"${BUILT_PRODUCTS_DIR}/GoogleUtilities/GoogleUtilities.framework",
				"${BUILT_PRODUCTS_DIR}/nanopb/nanopb.framework",
			);
			name = "[CP] Embed Pods Frameworks";
			outputPaths = (
				"${TARGET_BUILD_DIR}/${FRAMEWORKS_FOLDER_PATH}/GTMSessionFetcher.framework",
				"${TARGET_BUILD_DIR}/${FRAMEWORKS_FOLDER_PATH}/GoogleUtilities.framework",
				"${TARGET_BUILD_DIR}/${FRAMEWORKS_FOLDER_PATH}/nanopb.framework",
			);
			runOnlyForDeploymentPostprocessing = 0;
			shellPath = /bin/sh;
			shellScript = "\"${SRCROOT}/Pods/Target Support Files/Pods-sparefood/Pods-sparefood-frameworks.sh\"\n";
			showEnvVarsInLog = 0;
		};
		F0863E1241E79421978F28EA /* [CP] Check Pods Manifest.lock */ = {
			isa = PBXShellScriptBuildPhase;
			buildActionMask = 2147483647;
			files = (
			);
			inputPaths = (
				"${PODS_PODFILE_DIR_PATH}/Podfile.lock",
				"${PODS_ROOT}/Manifest.lock",
			);
			name = "[CP] Check Pods Manifest.lock";
			outputPaths = (
				"$(DERIVED_FILE_DIR)/Pods-sparefood-checkManifestLockResult.txt",
			);
			runOnlyForDeploymentPostprocessing = 0;
			shellPath = /bin/sh;
			shellScript = "diff \"${PODS_PODFILE_DIR_PATH}/Podfile.lock\" \"${PODS_ROOT}/Manifest.lock\" > /dev/null\nif [ $? != 0 ] ; then\n    # print error to STDERR\n    echo \"error: The sandbox is not in sync with the Podfile.lock. Run 'pod install' or update your CocoaPods installation.\" >&2\n    exit 1\nfi\n# This output is used by Xcode 'outputs' to avoid re-running this script phase.\necho \"SUCCESS\" > \"${SCRIPT_OUTPUT_FILE_0}\"\n";
			showEnvVarsInLog = 0;
		};
/* End PBXShellScriptBuildPhase section */

/* Begin PBXSourcesBuildPhase section */
		11B1FF782122A3B600C739A5 /* Sources */ = {
			isa = PBXSourcesBuildPhase;
			buildActionMask = 2147483647;
			files = (
				11B1FF822122A3B600C739A5 /* ViewController.swift in Sources */,
				9146BB4A212AC4B80018F8AA /* HomeKomunitas.swift in Sources */,
				9146BB5F212B11A10018F8AA /* JenisMinuman.swift in Sources */,
				11B1FF802122A3B600C739A5 /* AppDelegate.swift in Sources */,
				9146BB63212B11D30018F8AA /* DeskripsiMinuman.swift in Sources */,
				9146BB67212B11FD0018F8AA /* DeskripsiBahanMakanan.swift in Sources */,
				9146BB56212AC5D70018F8AA /* LoginKomunitas.swift in Sources */,
				9146BB69212C110E0018F8AA /* DonasiUang.swift in Sources */,
				9146BB65212B11E70018F8AA /* JenisBahanMakanan.swift in Sources */,
				9146BB48212AC45B0018F8AA /* HomeDonatur.swift in Sources */,
				9146BB54212AC5BE0018F8AA /* RegisKomunitas.swift in Sources */,
				9146BB5D212B11890018F8AA /* DeskripsiMakanan.swift in Sources */,
				9146BB50212AC53C0018F8AA /* LoginDonatur.swift in Sources */,
				11B1FF9C212D4B7B00C739A5 /* ScrollView.swift in Sources */,
				9146BB5B212B11640018F8AA /* JenisMakanan.swift in Sources */,
				9146BB59212AC86A0018F8AA /* ChooseUser.swift in Sources */,
				9146BB4E212AC5130018F8AA /* RegisDonatur.swift in Sources */,
				11B1FF882122A3B600C739A5 /* sparefood.xcdatamodeld in Sources */,
			);
			runOnlyForDeploymentPostprocessing = 0;
		};
/* End PBXSourcesBuildPhase section */

/* Begin PBXVariantGroup section */
		11B1FF832122A3B600C739A5 /* Main.storyboard */ = {
			isa = PBXVariantGroup;
			children = (
				11B1FF842122A3B600C739A5 /* Base */,
			);
			name = Main.storyboard;
			sourceTree = "<group>";
		};
		11B1FF8B2122A3B800C739A5 /* LaunchScreen.storyboard */ = {
			isa = PBXVariantGroup;
			children = (
				11B1FF8C2122A3B800C739A5 /* Base */,
			);
			name = LaunchScreen.storyboard;
			sourceTree = "<group>";
		};
/* End PBXVariantGroup section */

/* Begin XCBuildConfiguration section */
		11B1FF8F2122A3B800C739A5 /* Debug */ = {
			isa = XCBuildConfiguration;
			buildSettings = {
				ALWAYS_SEARCH_USER_PATHS = NO;
				CLANG_ANALYZER_NONNULL = YES;
				CLANG_ANALYZER_NUMBER_OBJECT_CONVERSION = YES_AGGRESSIVE;
				CLANG_CXX_LANGUAGE_STANDARD = "gnu++14";
				CLANG_CXX_LIBRARY = "libc++";
				CLANG_ENABLE_MODULES = YES;
				CLANG_ENABLE_OBJC_ARC = YES;
				CLANG_ENABLE_OBJC_WEAK = YES;
				CLANG_WARN_BLOCK_CAPTURE_AUTORELEASING = YES;
				CLANG_WARN_BOOL_CONVERSION = YES;
				CLANG_WARN_COMMA = YES;
				CLANG_WARN_CONSTANT_CONVERSION = YES;
				CLANG_WARN_DEPRECATED_OBJC_IMPLEMENTATIONS = YES;
				CLANG_WARN_DIRECT_OBJC_ISA_USAGE = YES_ERROR;
				CLANG_WARN_DOCUMENTATION_COMMENTS = YES;
				CLANG_WARN_EMPTY_BODY = YES;
				CLANG_WARN_ENUM_CONVERSION = YES;
				CLANG_WARN_INFINITE_RECURSION = YES;
				CLANG_WARN_INT_CONVERSION = YES;
				CLANG_WARN_NON_LITERAL_NULL_CONVERSION = YES;
				CLANG_WARN_OBJC_IMPLICIT_RETAIN_SELF = YES;
				CLANG_WARN_OBJC_LITERAL_CONVERSION = YES;
				CLANG_WARN_OBJC_ROOT_CLASS = YES_ERROR;
				CLANG_WARN_RANGE_LOOP_ANALYSIS = YES;
				CLANG_WARN_STRICT_PROTOTYPES = YES;
				CLANG_WARN_SUSPICIOUS_MOVE = YES;
				CLANG_WARN_UNGUARDED_AVAILABILITY = YES_AGGRESSIVE;
				CLANG_WARN_UNREACHABLE_CODE = YES;
				CLANG_WARN__DUPLICATE_METHOD_MATCH = YES;
				CODE_SIGN_IDENTITY = "iPhone Developer";
				COPY_PHASE_STRIP = NO;
				DEBUG_INFORMATION_FORMAT = dwarf;
				ENABLE_STRICT_OBJC_MSGSEND = YES;
				ENABLE_TESTABILITY = YES;
				GCC_C_LANGUAGE_STANDARD = gnu11;
				GCC_DYNAMIC_NO_PIC = NO;
				GCC_NO_COMMON_BLOCKS = YES;
				GCC_OPTIMIZATION_LEVEL = 0;
				GCC_PREPROCESSOR_DEFINITIONS = (
					"DEBUG=1",
					"$(inherited)",
				);
				GCC_WARN_64_TO_32_BIT_CONVERSION = YES;
				GCC_WARN_ABOUT_RETURN_TYPE = YES_ERROR;
				GCC_WARN_UNDECLARED_SELECTOR = YES;
				GCC_WARN_UNINITIALIZED_AUTOS = YES_AGGRESSIVE;
				GCC_WARN_UNUSED_FUNCTION = YES;
				GCC_WARN_UNUSED_VARIABLE = YES;
				IPHONEOS_DEPLOYMENT_TARGET = 11.3;
				MTL_ENABLE_DEBUG_INFO = YES;
				ONLY_ACTIVE_ARCH = YES;
				SDKROOT = iphoneos;
				SWIFT_ACTIVE_COMPILATION_CONDITIONS = DEBUG;
				SWIFT_OPTIMIZATION_LEVEL = "-Onone";
			};
			name = Debug;
		};
		11B1FF902122A3B800C739A5 /* Release */ = {
			isa = XCBuildConfiguration;
			buildSettings = {
				ALWAYS_SEARCH_USER_PATHS = NO;
				CLANG_ANALYZER_NONNULL = YES;
				CLANG_ANALYZER_NUMBER_OBJECT_CONVERSION = YES_AGGRESSIVE;
				CLANG_CXX_LANGUAGE_STANDARD = "gnu++14";
				CLANG_CXX_LIBRARY = "libc++";
				CLANG_ENABLE_MODULES = YES;
				CLANG_ENABLE_OBJC_ARC = YES;
				CLANG_ENABLE_OBJC_WEAK = YES;
				CLANG_WARN_BLOCK_CAPTURE_AUTORELEASING = YES;
				CLANG_WARN_BOOL_CONVERSION = YES;
				CLANG_WARN_COMMA = YES;
				CLANG_WARN_CONSTANT_CONVERSION = YES;
				CLANG_WARN_DEPRECATED_OBJC_IMPLEMENTATIONS = YES;
				CLANG_WARN_DIRECT_OBJC_ISA_USAGE = YES_ERROR;
				CLANG_WARN_DOCUMENTATION_COMMENTS = YES;
				CLANG_WARN_EMPTY_BODY = YES;
				CLANG_WARN_ENUM_CONVERSION = YES;
				CLANG_WARN_INFINITE_RECURSION = YES;
				CLANG_WARN_INT_CONVERSION = YES;
				CLANG_WARN_NON_LITERAL_NULL_CONVERSION = YES;
				CLANG_WARN_OBJC_IMPLICIT_RETAIN_SELF = YES;
				CLANG_WARN_OBJC_LITERAL_CONVERSION = YES;
				CLANG_WARN_OBJC_ROOT_CLASS = YES_ERROR;
				CLANG_WARN_RANGE_LOOP_ANALYSIS = YES;
				CLANG_WARN_STRICT_PROTOTYPES = YES;
				CLANG_WARN_SUSPICIOUS_MOVE = YES;
				CLANG_WARN_UNGUARDED_AVAILABILITY = YES_AGGRESSIVE;
				CLANG_WARN_UNREACHABLE_CODE = YES;
				CLANG_WARN__DUPLICATE_METHOD_MATCH = YES;
				CODE_SIGN_IDENTITY = "iPhone Developer";
				COPY_PHASE_STRIP = NO;
				DEBUG_INFORMATION_FORMAT = "dwarf-with-dsym";
				ENABLE_NS_ASSERTIONS = NO;
				ENABLE_STRICT_OBJC_MSGSEND = YES;
				GCC_C_LANGUAGE_STANDARD = gnu11;
				GCC_NO_COMMON_BLOCKS = YES;
				GCC_WARN_64_TO_32_BIT_CONVERSION = YES;
				GCC_WARN_ABOUT_RETURN_TYPE = YES_ERROR;
				GCC_WARN_UNDECLARED_SELECTOR = YES;
				GCC_WARN_UNINITIALIZED_AUTOS = YES_AGGRESSIVE;
				GCC_WARN_UNUSED_FUNCTION = YES;
				GCC_WARN_UNUSED_VARIABLE = YES;
				IPHONEOS_DEPLOYMENT_TARGET = 11.3;
				MTL_ENABLE_DEBUG_INFO = NO;
				SDKROOT = iphoneos;
				SWIFT_COMPILATION_MODE = wholemodule;
				SWIFT_OPTIMIZATION_LEVEL = "-O";
				VALIDATE_PRODUCT = YES;
			};
			name = Release;
		};
		11B1FF922122A3B800C739A5 /* Debug */ = {
			isa = XCBuildConfiguration;
			baseConfigurationReference = D2FB9F7729147D5291FE13AF /* Pods-sparefood.debug.xcconfig */;
			buildSettings = {
				ASSETCATALOG_COMPILER_APPICON_NAME = AppIcon;
				CODE_SIGN_STYLE = Automatic;
				DEVELOPMENT_TEAM = 29LM4FT5NH;
				INFOPLIST_FILE = sparefood/Info.plist;
				LD_RUNPATH_SEARCH_PATHS = (
					"$(inherited)",
					"@executable_path/Frameworks",
				);
				PRODUCT_BUNDLE_IDENTIFIER = edu.binus.sparefood;
				PRODUCT_NAME = "$(TARGET_NAME)";
				SWIFT_VERSION = 4.0;
				TARGETED_DEVICE_FAMILY = "1,2";
			};
			name = Debug;
		};
		11B1FF932122A3B800C739A5 /* Release */ = {
			isa = XCBuildConfiguration;
			baseConfigurationReference = 709F1E839726FCAC8D6A9553 /* Pods-sparefood.release.xcconfig */;
			buildSettings = {
				ASSETCATALOG_COMPILER_APPICON_NAME = AppIcon;
				CODE_SIGN_STYLE = Automatic;
				DEVELOPMENT_TEAM = 29LM4FT5NH;
				INFOPLIST_FILE = sparefood/Info.plist;
				LD_RUNPATH_SEARCH_PATHS = (
					"$(inherited)",
					"@executable_path/Frameworks",
				);
				PRODUCT_BUNDLE_IDENTIFIER = edu.binus.sparefood;
				PRODUCT_NAME = "$(TARGET_NAME)";
				SWIFT_VERSION = 4.0;
				TARGETED_DEVICE_FAMILY = "1,2";
			};
			name = Release;
		};
/* End XCBuildConfiguration section */

/* Begin XCConfigurationList section */
		11B1FF772122A3B600C739A5 /* Build configuration list for PBXProject "sparefood" */ = {
			isa = XCConfigurationList;
			buildConfigurations = (
				11B1FF8F2122A3B800C739A5 /* Debug */,
				11B1FF902122A3B800C739A5 /* Release */,
			);
			defaultConfigurationIsVisible = 0;
			defaultConfigurationName = Release;
		};
		11B1FF912122A3B800C739A5 /* Build configuration list for PBXNativeTarget "sparefood" */ = {
			isa = XCConfigurationList;
			buildConfigurations = (
				11B1FF922122A3B800C739A5 /* Debug */,
				11B1FF932122A3B800C739A5 /* Release */,
			);
			defaultConfigurationIsVisible = 0;
			defaultConfigurationName = Release;
		};
/* End XCConfigurationList section */

/* Begin XCVersionGroup section */
		11B1FF862122A3B600C739A5 /* sparefood.xcdatamodeld */ = {
			isa = XCVersionGroup;
			children = (
				11B1FF872122A3B600C739A5 /* sparefood.xcdatamodel */,
			);
			currentVersion = 11B1FF872122A3B600C739A5 /* sparefood.xcdatamodel */;
			path = sparefood.xcdatamodeld;
			sourceTree = "<group>";
			versionGroupType = wrapper.xcdatamodel;
		};
/* End XCVersionGroup section */
	};
	rootObject = 11B1FF742122A3B600C739A5 /* Project object */;
}
